
Microsoft Visual Studio Solution File, Format Version 12.00
# Visual Studio 2013
VisualStudioVersion = 12.0.30110.0
MinimumVisualStudioVersion = 10.0.40219.1
Project("{FAE04EC0-301F-11D3-BF4B-00C04F79EFBC}") = "EASolution.MVC", "EASolution.MVC\EASolution.MVC.csproj", "{8EE00434-2F04-473B-A645-0DA04BFF3700}"
EndProject
Project("{FAE04EC0-301F-11D3-BF4B-00C04F79EFBC}") = "EASolution.ProjectManagement.Business", "EASolution.Service\EASolution.ProjectManagement.Business.csproj", "{DFFAB407-5349-4091-A652-B4C8FAC25BDD}"
EndProject
Project("{2150E333-8FDC-42A3-9474-1A3956D46DE8}") = "Infrastructure", "Infrastructure", "{ACEAF9D8-20AD-448B-8F23-B9CAAEEAF01E}"
EndProject
Project("{FAE04EC0-301F-11D3-BF4B-00C04F79EFBC}") = "EASolution.ProjectManagement.Model", "EASolution.Entity\EASolution.ProjectManagement.Model.csproj", "{2DD3CD98-1EEE-482C-88B6-A66BFE97C249}"
EndProject
Project("{FAE04EC0-301F-11D3-BF4B-00C04F79EFBC}") = "EASolution.ProjectManagement.Persistence", "EASolution.Persistence\EASolution.ProjectManagement.Persistence.csproj", "{3AD774F2-3693-4FE2-B68E-0BF6A46BCD30}"
EndProject
Project("{FAE04EC0-301F-11D3-BF4B-00C04F79EFBC}") = "EASolution.Infrastructure", "EASolution.Infrastructure\EASolution.Infrastructure.csproj", "{AEFF068C-D634-489C-AF0B-80FF94554992}"
EndProject
Project("{2150E333-8FDC-42A3-9474-1A3956D46DE8}") = "ProjectManagment", "ProjectManagment", "{C8DE4DC0-E1A2-45B2-874A-E10C137589A0}"
EndProject
Project("{FAE04EC0-301F-11D3-BF4B-00C04F79EFBC}") = "EASolution.MigrationTool", "EASolution.Migration\EASolution.MigrationTool.csproj", "{8F540C0A-C7B3-40C6-9665-8403D2547C98}"
EndProject
Project("{FAE04EC0-301F-11D3-BF4B-00C04F79EFBC}") = "EASolution.TenantStore.MigrationTool", "TenantStore.MigrationTool\EASolution.TenantStore.MigrationTool.csproj", "{7EFA202E-1979-4978-A112-AD710AB5F788}"
EndProject
Project("{FAE04EC0-301F-11D3-BF4B-00C04F79EFBC}") = "EASolution.Infrastructure.EF", "EASolution.Infrastructure.EF\EASolution.Infrastructure.EF.csproj", "{90A39F3E-7E6B-4640-8FC9-ACF2AC9B5B89}"
EndProject
Project("{FAE04EC0-301F-11D3-BF4B-00C04F79EFBC}") = "EASolution.Infrastructure.MigrationTool", "EASolution.Infrastructure.Tool\EASolution.Infrastructure.MigrationTool.csproj", "{473A8E80-CF2F-4A85-A989-CA064F04C6CF}"
EndProject
Project("{2150E333-8FDC-42A3-9474-1A3956D46DE8}") = "Tool", "Tool", "{AE415173-4112-486A-98E0-19BE57049F08}"
EndProject
Project("{2150E333-8FDC-42A3-9474-1A3956D46DE8}") = "SystemContentManagement", "SystemContentManagement", "{D583B28B-5338-407F-B8F4-4822E762A31D}"
EndProject
Project("{FAE04EC0-301F-11D3-BF4B-00C04F79EFBC}") = "Cms.Domain", "Cms.Domain\Cms.Domain.csproj", "{08062D6B-C323-4A4F-BBE1-BCF598ED9A72}"
EndProject
Project("{2150E333-8FDC-42A3-9474-1A3956D46DE8}") = "TenantStore", "TenantStore", "{428FC0EE-E82C-4300-B0DF-8BA1B2754DBB}"
EndProject
Project("{FAE04EC0-301F-11D3-BF4B-00C04F79EFBC}") = "EASolution.TenantStore.Model", "EASolution.Security.Model\EASolution.TenantStore.Model.csproj", "{5FA1C936-AA4E-4C95-97BE-37A59712ED6C}"
EndProject
Project("{FAE04EC0-301F-11D3-BF4B-00C04F79EFBC}") = "EASolution.TenantStore.Persistence", "EASolution.Security.Persistence\EASolution.TenantStore.Persistence.csproj", "{FBB5EE2E-94CA-4D41-AB88-6D41D574E8B6}"
EndProject
Project("{FAE04EC0-301F-11D3-BF4B-00C04F79EFBC}") = "EASolution.TenantStore.Business", "EASolution.Tenant.Business\EASolution.TenantStore.Business.csproj", "{40386023-2ECD-46BF-960D-4AC1518F75A2}"
EndProject
Project("{2150E333-8FDC-42A3-9474-1A3956D46DE8}") = "UI", "UI", "{6B675485-CA31-4923-B9AE-55DC99F8358F}"
EndProject
Project("{2150E333-8FDC-42A3-9474-1A3956D46DE8}") = "Intranet", "Intranet", "{6B179606-2F74-4361-BFD3-35434A493828}"
EndProject
Project("{FAE04EC0-301F-11D3-BF4B-00C04F79EFBC}") = "EASolution.StaffManagement.Model", "EASolution.StaffManagement.Model\EASolution.StaffManagement.Model.csproj", "{3682F8ED-EA39-4F05-8F17-0E92F53F5298}"
EndProject
Project("{2150E333-8FDC-42A3-9474-1A3956D46DE8}") = "RecruitmentManagement", "RecruitmentManagement", "{6BCAC9DE-F16A-4C93-A685-D2A305FF63BF}"
EndProject
Project("{FAE04EC0-301F-11D3-BF4B-00C04F79EFBC}") = "EASolution.Recruitment.Model", "EASolution.Recruitment.Model\EASolution.Recruitment.Model.csproj", "{29A158F2-275C-4FC4-896C-C53812C4DC92}"
EndProject
Project("{FAE04EC0-301F-11D3-BF4B-00C04F79EFBC}") = "EASolution.Recruitment.Business", "EASolution.Recruitment.Business\EASolution.Recruitment.Business.csproj", "{C7AC5D4F-6C97-4521-8912-87FBF571DB69}"
EndProject
Project("{FAE04EC0-301F-11D3-BF4B-00C04F79EFBC}") = "EASolution.Recruitment.Service", "EASolution.Recruitment.Service\EASolution.Recruitment.Service.csproj", "{E125CCB1-15FF-4FF0-B2B7-24BCD81D77E9}"
EndProject
Global
	GlobalSection(SolutionConfigurationPlatforms) = preSolution
		Debug|Any CPU = Debug|Any CPU
		Release|Any CPU = Release|Any CPU
	EndGlobalSection
	GlobalSection(ProjectConfigurationPlatforms) = postSolution
		{8EE00434-2F04-473B-A645-0DA04BFF3700}.Debug|Any CPU.ActiveCfg = Debug|Any CPU
		{8EE00434-2F04-473B-A645-0DA04BFF3700}.Debug|Any CPU.Build.0 = Debug|Any CPU
		{8EE00434-2F04-473B-A645-0DA04BFF3700}.Release|Any CPU.ActiveCfg = Release|Any CPU
		{8EE00434-2F04-473B-A645-0DA04BFF3700}.Release|Any CPU.Build.0 = Release|Any CPU
		{DFFAB407-5349-4091-A652-B4C8FAC25BDD}.Debug|Any CPU.ActiveCfg = Debug|Any CPU
		{DFFAB407-5349-4091-A652-B4C8FAC25BDD}.Debug|Any CPU.Build.0 = Debug|Any CPU
		{DFFAB407-5349-4091-A652-B4C8FAC25BDD}.Release|Any CPU.ActiveCfg = Release|Any CPU
		{DFFAB407-5349-4091-A652-B4C8FAC25BDD}.Release|Any CPU.Build.0 = Release|Any CPU
		{2DD3CD98-1EEE-482C-88B6-A66BFE97C249}.Debug|Any CPU.ActiveCfg = Debug|Any CPU
		{2DD3CD98-1EEE-482C-88B6-A66BFE97C249}.Debug|Any CPU.Build.0 = Debug|Any CPU
		{2DD3CD98-1EEE-482C-88B6-A66BFE97C249}.Release|Any CPU.ActiveCfg = Release|Any CPU
		{2DD3CD98-1EEE-482C-88B6-A66BFE97C249}.Release|Any CPU.Build.0 = Release|Any CPU
		{3AD774F2-3693-4FE2-B68E-0BF6A46BCD30}.Debug|Any CPU.ActiveCfg = Debug|Any CPU
		{3AD774F2-3693-4FE2-B68E-0BF6A46BCD30}.Debug|Any CPU.Build.0 = Debug|Any CPU
		{3AD774F2-3693-4FE2-B68E-0BF6A46BCD30}.Release|Any CPU.ActiveCfg = Release|Any CPU
		{3AD774F2-3693-4FE2-B68E-0BF6A46BCD30}.Release|Any CPU.Build.0 = Release|Any CPU
		{AEFF068C-D634-489C-AF0B-80FF94554992}.Debug|Any CPU.ActiveCfg = Debug|Any CPU
		{AEFF068C-D634-489C-AF0B-80FF94554992}.Debug|Any CPU.Build.0 = Debug|Any CPU
		{AEFF068C-D634-489C-AF0B-80FF94554992}.Release|Any CPU.ActiveCfg = Release|Any CPU
		{AEFF068C-D634-489C-AF0B-80FF94554992}.Release|Any CPU.Build.0 = Release|Any CPU
		{8F540C0A-C7B3-40C6-9665-8403D2547C98}.Debug|Any CPU.ActiveCfg = Debug|Any CPU
		{8F540C0A-C7B3-40C6-9665-8403D2547C98}.Debug|Any CPU.Build.0 = Debug|Any CPU
		{8F540C0A-C7B3-40C6-9665-8403D2547C98}.Release|Any CPU.ActiveCfg = Release|Any CPU
		{8F540C0A-C7B3-40C6-9665-8403D2547C98}.Release|Any CPU.Build.0 = Release|Any CPU
		{7EFA202E-1979-4978-A112-AD710AB5F788}.Debug|Any CPU.ActiveCfg = Debug|Any CPU
		{7EFA202E-1979-4978-A112-AD710AB5F788}.Debug|Any CPU.Build.0 = Debug|Any CPU
		{7EFA202E-1979-4978-A112-AD710AB5F788}.Release|Any CPU.ActiveCfg = Release|Any CPU
		{7EFA202E-1979-4978-A112-AD710AB5F788}.Release|Any CPU.Build.0 = Release|Any CPU
		{90A39F3E-7E6B-4640-8FC9-ACF2AC9B5B89}.Debug|Any CPU.ActiveCfg = Debug|Any CPU
		{90A39F3E-7E6B-4640-8FC9-ACF2AC9B5B89}.Debug|Any CPU.Build.0 = Debug|Any CPU
		{90A39F3E-7E6B-4640-8FC9-ACF2AC9B5B89}.Release|Any CPU.ActiveCfg = Release|Any CPU
		{90A39F3E-7E6B-4640-8FC9-ACF2AC9B5B89}.Release|Any CPU.Build.0 = Release|Any CPU
		{473A8E80-CF2F-4A85-A989-CA064F04C6CF}.Debug|Any CPU.ActiveCfg = Debug|Any CPU
		{473A8E80-CF2F-4A85-A989-CA064F04C6CF}.Debug|Any CPU.Build.0 = Debug|Any CPU
		{473A8E80-CF2F-4A85-A989-CA064F04C6CF}.Release|Any CPU.ActiveCfg = Release|Any CPU
		{473A8E80-CF2F-4A85-A989-CA064F04C6CF}.Release|Any CPU.Build.0 = Release|Any CPU
		{08062D6B-C323-4A4F-BBE1-BCF598ED9A72}.Debug|Any CPU.ActiveCfg = Debug|Any CPU
		{08062D6B-C323-4A4F-BBE1-BCF598ED9A72}.Debug|Any CPU.Build.0 = Debug|Any CPU
		{08062D6B-C323-4A4F-BBE1-BCF598ED9A72}.Release|Any CPU.ActiveCfg = Release|Any CPU
		{08062D6B-C323-4A4F-BBE1-BCF598ED9A72}.Release|Any CPU.Build.0 = Release|Any CPU
		{5FA1C936-AA4E-4C95-97BE-37A59712ED6C}.Debug|Any CPU.ActiveCfg = Debug|Any CPU
		{5FA1C936-AA4E-4C95-97BE-37A59712ED6C}.Debug|Any CPU.Build.0 = Debug|Any CPU
		{5FA1C936-AA4E-4C95-97BE-37A59712ED6C}.Release|Any CPU.ActiveCfg = Release|Any CPU
		{5FA1C936-AA4E-4C95-97BE-37A59712ED6C}.Release|Any CPU.Build.0 = Release|Any CPU
		{FBB5EE2E-94CA-4D41-AB88-6D41D574E8B6}.Debug|Any CPU.ActiveCfg = Debug|Any CPU
		{FBB5EE2E-94CA-4D41-AB88-6D41D574E8B6}.Debug|Any CPU.Build.0 = Debug|Any CPU
		{FBB5EE2E-94CA-4D41-AB88-6D41D574E8B6}.Release|Any CPU.ActiveCfg = Release|Any CPU
		{FBB5EE2E-94CA-4D41-AB88-6D41D574E8B6}.Release|Any CPU.Build.0 = Release|Any CPU
		{40386023-2ECD-46BF-960D-4AC1518F75A2}.Debug|Any CPU.ActiveCfg = Debug|Any CPU
		{40386023-2ECD-46BF-960D-4AC1518F75A2}.Debug|Any CPU.Build.0 = Debug|Any CPU
		{40386023-2ECD-46BF-960D-4AC1518F75A2}.Release|Any CPU.ActiveCfg = Release|Any CPU
		{40386023-2ECD-46BF-960D-4AC1518F75A2}.Release|Any CPU.Build.0 = Release|Any CPU
		{3682F8ED-EA39-4F05-8F17-0E92F53F5298}.Debug|Any CPU.ActiveCfg = Debug|Any CPU
		{3682F8ED-EA39-4F05-8F17-0E92F53F5298}.Debug|Any CPU.Build.0 = Debug|Any CPU
		{3682F8ED-EA39-4F05-8F17-0E92F53F5298}.Release|Any CPU.ActiveCfg = Release|Any CPU
		{3682F8ED-EA39-4F05-8F17-0E92F53F5298}.Release|Any CPU.Build.0 = Release|Any CPU
		{29A158F2-275C-4FC4-896C-C53812C4DC92}.Debug|Any CPU.ActiveCfg = Debug|Any CPU
		{29A158F2-275C-4FC4-896C-C53812C4DC92}.Debug|Any CPU.Build.0 = Debug|Any CPU
		{29A158F2-275C-4FC4-896C-C53812C4DC92}.Release|Any CPU.ActiveCfg = Release|Any CPU
		{29A158F2-275C-4FC4-896C-C53812C4DC92}.Release|Any CPU.Build.0 = Release|Any CPU
		{C7AC5D4F-6C97-4521-8912-87FBF571DB69}.Debug|Any CPU.ActiveCfg = Debug|Any CPU
		{C7AC5D4F-6C97-4521-8912-87FBF571DB69}.Debug|Any CPU.Build.0 = Debug|Any CPU
		{C7AC5D4F-6C97-4521-8912-87FBF571DB69}.Release|Any CPU.ActiveCfg = Release|Any CPU
		{C7AC5D4F-6C97-4521-8912-87FBF571DB69}.Release|Any CPU.Build.0 = Release|Any CPU
		{E125CCB1-15FF-4FF0-B2B7-24BCD81D77E9}.Debug|Any CPU.ActiveCfg = Debug|Any CPU
		{E125CCB1-15FF-4FF0-B2B7-24BCD81D77E9}.Debug|Any CPU.Build.0 = Debug|Any CPU
		{E125CCB1-15FF-4FF0-B2B7-24BCD81D77E9}.Release|Any CPU.ActiveCfg = Release|Any CPU
		{E125CCB1-15FF-4FF0-B2B7-24BCD81D77E9}.Release|Any CPU.Build.0 = Release|Any CPU
	EndGlobalSection
	GlobalSection(SolutionProperties) = preSolution
		HideSolutionNode = FALSE
	EndGlobalSection
	GlobalSection(NestedProjects) = preSolution
		{8EE00434-2F04-473B-A645-0DA04BFF3700} = {6B675485-CA31-4923-B9AE-55DC99F8358F}
		{2DD3CD98-1EEE-482C-88B6-A66BFE97C249} = {C8DE4DC0-E1A2-45B2-874A-E10C137589A0}
		{3AD774F2-3693-4FE2-B68E-0BF6A46BCD30} = {C8DE4DC0-E1A2-45B2-874A-E10C137589A0}
		{DFFAB407-5349-4091-A652-B4C8FAC25BDD} = {C8DE4DC0-E1A2-45B2-874A-E10C137589A0}
		{AEFF068C-D634-489C-AF0B-80FF94554992} = {ACEAF9D8-20AD-448B-8F23-B9CAAEEAF01E}
		{90A39F3E-7E6B-4640-8FC9-ACF2AC9B5B89} = {ACEAF9D8-20AD-448B-8F23-B9CAAEEAF01E}
		{473A8E80-CF2F-4A85-A989-CA064F04C6CF} = {ACEAF9D8-20AD-448B-8F23-B9CAAEEAF01E}
		{7EFA202E-1979-4978-A112-AD710AB5F788} = {AE415173-4112-486A-98E0-19BE57049F08}
		{8F540C0A-C7B3-40C6-9665-8403D2547C98} = {AE415173-4112-486A-98E0-19BE57049F08}
		{08062D6B-C323-4A4F-BBE1-BCF598ED9A72} = {D583B28B-5338-407F-B8F4-4822E762A31D}
		{5FA1C936-AA4E-4C95-97BE-37A59712ED6C} = {428FC0EE-E82C-4300-B0DF-8BA1B2754DBB}
		{FBB5EE2E-94CA-4D41-AB88-6D41D574E8B6} = {428FC0EE-E82C-4300-B0DF-8BA1B2754DBB}
		{40386023-2ECD-46BF-960D-4AC1518F75A2} = {428FC0EE-E82C-4300-B0DF-8BA1B2754DBB}
		{3682F8ED-EA39-4F05-8F17-0E92F53F5298} = {6B179606-2F74-4361-BFD3-35434A493828}
		{29A158F2-275C-4FC4-896C-C53812C4DC92} = {6BCAC9DE-F16A-4C93-A685-D2A305FF63BF}
		{C7AC5D4F-6C97-4521-8912-87FBF571DB69} = {6BCAC9DE-F16A-4C93-A685-D2A305FF63BF}
		{E125CCB1-15FF-4FF0-B2B7-24BCD81D77E9} = {6BCAC9DE-F16A-4C93-A685-D2A305FF63BF}
	EndGlobalSection
EndGlobal
